
Microsoft Visual Studio Solution File, Format Version 12.00
# Visual Studio Version 17
VisualStudioVersion = 17.5.002.0
MinimumVisualStudioVersion = 10.0.40219.1
Project("{9A19103F-16F7-4668-BE54-9A1E7A4F7556}") = "CalculadoradeIMC", "CalculadoradeIMC.csproj", "{952FE0F6-CA48-4467-BFCD-3D8EFAB73B90}"
EndProject
Global
	GlobalSection(SolutionConfigurationPlatforms) = preSolution
		Debug|Any CPU = Debug|Any CPU
		Release|Any CPU = Release|Any CPU
	EndGlobalSection
	GlobalSection(ProjectConfigurationPlatforms) = postSolution
		{952FE0F6-CA48-4467-BFCD-3D8EFAB73B90}.Debug|Any CPU.ActiveCfg = Debug|Any CPU
		{952FE0F6-CA48-4467-BFCD-3D8EFAB73B90}.Debug|Any CPU.Build.0 = Debug|Any CPU
		{952FE0F6-CA48-4467-BFCD-3D8EFAB73B90}.Release|Any CPU.ActiveCfg = Release|Any CPU
		{952FE0F6-CA48-4467-BFCD-3D8EFAB73B90}.Release|Any CPU.Build.0 = Release|Any CPU
	EndGlobalSection
	GlobalSection(SolutionProperties) = preSolution
		HideSolutionNode = FALSE
	EndGlobalSection
	GlobalSection(ExtensibilityGlobals) = postSolution
		SolutionGuid = {21CFDC72-91E2-4686-92FD-672F0DFB5414}
	EndGlobalSection
EndGlobal
