
Microsoft Visual Studio Solution File, Format Version 12.00
# Visual Studio Version 17
VisualStudioVersion = 17.5.002.0
MinimumVisualStudioVersion = 10.0.40219.1
Project("{9A19103F-16F7-4668-BE54-9A1E7A4F7556}") = "Calculadora", "Calculadora.csproj", "{B49634AD-B1A5-420A-84C0-22800BFBB526}"
EndProject
Global
	GlobalSection(SolutionConfigurationPlatforms) = preSolution
		Debug|Any CPU = Debug|Any CPU
		Release|Any CPU = Release|Any CPU
	EndGlobalSection
	GlobalSection(ProjectConfigurationPlatforms) = postSolution
		{B49634AD-B1A5-420A-84C0-22800BFBB526}.Debug|Any CPU.ActiveCfg = Debug|Any CPU
		{B49634AD-B1A5-420A-84C0-22800BFBB526}.Debug|Any CPU.Build.0 = Debug|Any CPU
		{B49634AD-B1A5-420A-84C0-22800BFBB526}.Release|Any CPU.ActiveCfg = Release|Any CPU
		{B49634AD-B1A5-420A-84C0-22800BFBB526}.Release|Any CPU.Build.0 = Release|Any CPU
	EndGlobalSection
	GlobalSection(SolutionProperties) = preSolution
		HideSolutionNode = FALSE
	EndGlobalSection
	GlobalSection(ExtensibilityGlobals) = postSolution
		SolutionGuid = {399FE95A-DE80-4240-B3B8-BD5C84F9AB54}
	EndGlobalSection
EndGlobal
