
Microsoft Visual Studio Solution File, Format Version 12.00
# Visual Studio Version 17
VisualStudioVersion = 17.5.002.0
MinimumVisualStudioVersion = 10.0.40219.1
Project("{9A19103F-16F7-4668-BE54-9A1E7A4F7556}") = "CronometroSimples", "CronometroSimples.csproj", "{914EE40A-D49C-4493-B352-4E61B5F21671}"
EndProject
Global
	GlobalSection(SolutionConfigurationPlatforms) = preSolution
		Debug|Any CPU = Debug|Any CPU
		Release|Any CPU = Release|Any CPU
	EndGlobalSection
	GlobalSection(ProjectConfigurationPlatforms) = postSolution
		{914EE40A-D49C-4493-B352-4E61B5F21671}.Debug|Any CPU.ActiveCfg = Debug|Any CPU
		{914EE40A-D49C-4493-B352-4E61B5F21671}.Debug|Any CPU.Build.0 = Debug|Any CPU
		{914EE40A-D49C-4493-B352-4E61B5F21671}.Release|Any CPU.ActiveCfg = Release|Any CPU
		{914EE40A-D49C-4493-B352-4E61B5F21671}.Release|Any CPU.Build.0 = Release|Any CPU
	EndGlobalSection
	GlobalSection(SolutionProperties) = preSolution
		HideSolutionNode = FALSE
	EndGlobalSection
	GlobalSection(ExtensibilityGlobals) = postSolution
		SolutionGuid = {AD4BCC0D-D3F6-497D-B8EF-1E9350CD56D5}
	EndGlobalSection
EndGlobal
